
Microsoft Visual Studio Solution File, Format Version 12.00
# Visual Studio Version 16
VisualStudioVersion = 16.0.29503.13
MinimumVisualStudioVersion = 10.0.40219.1
Project("{FAE04EC0-301F-11D3-BF4B-00C04F79EFBC}") = "Blowfish", "Blowfish.csproj", "{97AEC7FB-7155-46F9-8F81-32B8E7FB08A4}"
EndProject
Global
	GlobalSection(SolutionConfigurationPlatforms) = preSolution
		Debug|Any CPU = Debug|Any CPU
		Release|Any CPU = Release|Any CPU
	EndGlobalSection
	GlobalSection(ProjectConfigurationPlatforms) = postSolution
		{97AEC7FB-7155-46F9-8F81-32B8E7FB08A4}.Debug|Any CPU.ActiveCfg = Debug|Any CPU
		{97AEC7FB-7155-46F9-8F81-32B8E7FB08A4}.Debug|Any CPU.Build.0 = Debug|Any CPU
		{97AEC7FB-7155-46F9-8F81-32B8E7FB08A4}.Release|Any CPU.ActiveCfg = Release|Any CPU
		{97AEC7FB-7155-46F9-8F81-32B8E7FB08A4}.Release|Any CPU.Build.0 = Release|Any CPU
	EndGlobalSection
	GlobalSection(SolutionProperties) = preSolution
		HideSolutionNode = FALSE
	EndGlobalSection
	GlobalSection(ExtensibilityGlobals) = postSolution
		SolutionGuid = {2A661D30-AD2C-44F1-9055-682CE8C2E493}
	EndGlobalSection
EndGlobal
